
Microsoft Visual Studio Solution File, Format Version 12.00
# Visual Studio 15
VisualStudioVersion = 15.0.26730.8
MinimumVisualStudioVersion = 10.0.40219.1
Project("{FAE04EC0-301F-11D3-BF4B-00C04F79EFBC}") = "bgrimmett-bugtracker", "bgrimmett-bugtracker\bgrimmett-bugtracker.csproj", "{98F8FE0B-5A0C-47FC-A2B2-58F7F764A7E2}"
EndProject
Global
	GlobalSection(SolutionConfigurationPlatforms) = preSolution
		Debug|Any CPU = Debug|Any CPU
		Release|Any CPU = Release|Any CPU
	EndGlobalSection
	GlobalSection(ProjectConfigurationPlatforms) = postSolution
		{98F8FE0B-5A0C-47FC-A2B2-58F7F764A7E2}.Debug|Any CPU.ActiveCfg = Debug|Any CPU
		{98F8FE0B-5A0C-47FC-A2B2-58F7F764A7E2}.Debug|Any CPU.Build.0 = Debug|Any CPU
		{98F8FE0B-5A0C-47FC-A2B2-58F7F764A7E2}.Release|Any CPU.ActiveCfg = Release|Any CPU
		{98F8FE0B-5A0C-47FC-A2B2-58F7F764A7E2}.Release|Any CPU.Build.0 = Release|Any CPU
	EndGlobalSection
	GlobalSection(SolutionProperties) = preSolution
		HideSolutionNode = FALSE
	EndGlobalSection
	GlobalSection(ExtensibilityGlobals) = postSolution
		SolutionGuid = {7BF14B1F-F78F-48AE-A32A-07252DA485E2}
	EndGlobalSection
EndGlobal
